
Microsoft Visual Studio Solution File, Format Version 12.00
# Visual Studio 15
Project("{FAE04EC0-301F-11D3-BF4B-00C04F79EFBC}") = "pottery", "pottery.csproj", "{39CD3208-957C-7041-64F6-3B83E7770D78}"
EndProject
Project("{FAE04EC0-301F-11D3-BF4B-00C04F79EFBC}") = "pottery.Editor", "pottery.Editor.csproj", "{5A28EF3D-3095-B433-A54F-9E0B45217495}"
EndProject
Global
	GlobalSection(SolutionConfigurationPlatforms) = preSolution
		Debug|Any CPU = Debug|Any CPU
		Release|Any CPU = Release|Any CPU
	EndGlobalSection
	GlobalSection(ProjectConfigurationPlatforms) = postSolution
		{39CD3208-957C-7041-64F6-3B83E7770D78}.Debug|Any CPU.ActiveCfg = Debug|Any CPU
		{39CD3208-957C-7041-64F6-3B83E7770D78}.Debug|Any CPU.Build.0 = Debug|Any CPU
		{39CD3208-957C-7041-64F6-3B83E7770D78}.Release|Any CPU.ActiveCfg = Release|Any CPU
		{39CD3208-957C-7041-64F6-3B83E7770D78}.Release|Any CPU.Build.0 = Release|Any CPU
		{5A28EF3D-3095-B433-A54F-9E0B45217495}.Debug|Any CPU.ActiveCfg = Debug|Any CPU
		{5A28EF3D-3095-B433-A54F-9E0B45217495}.Debug|Any CPU.Build.0 = Debug|Any CPU
		{5A28EF3D-3095-B433-A54F-9E0B45217495}.Release|Any CPU.ActiveCfg = Release|Any CPU
		{5A28EF3D-3095-B433-A54F-9E0B45217495}.Release|Any CPU.Build.0 = Release|Any CPU
	EndGlobalSection
	GlobalSection(SolutionProperties) = preSolution
		HideSolutionNode = FALSE
	EndGlobalSection
EndGlobal
